// !$*UTF8*$!
{
	archiveVersion = 1;
	classes = {
	};
	objectVersion = 46;
	objects = {

/* Begin PBXBuildFile section */
		0051D68C4BD9FE85AD0AF611 /* libPods-Photopon.a in Frameworks */ = {isa = PBXBuildFile; fileRef = DD5AE628DFCFAD35A3656AAA /* libPods-Photopon.a */; };
		620C4C1E1C10F8EF00579CF5 /* FriendPopupViewController.m in Sources */ = {isa = PBXBuildFile; fileRef = 620C4C1D1C10F8EF00579CF5 /* FriendPopupViewController.m */; };
		621AE3361B797CBB00A9C18C /* LoginViewController.m in Sources */ = {isa = PBXBuildFile; fileRef = 621AE3351B797CBB00A9C18C /* LoginViewController.m */; };
		622563F41C9B257300ED2C46 /* AlertBox.m in Sources */ = {isa = PBXBuildFile; fileRef = 622563F21C9B257300ED2C46 /* AlertBox.m */; };
		622563F51C9B257300ED2C46 /* AlertBox.xib in Resources */ = {isa = PBXBuildFile; fileRef = 622563F31C9B257300ED2C46 /* AlertBox.xib */; };
		622C82551BFF429A00D7BCE2 /* CouponDetailViewController.m in Sources */ = {isa = PBXBuildFile; fileRef = 622C82541BFF429A00D7BCE2 /* CouponDetailViewController.m */; };
		623F95581B939AC200506B16 /* WalletController.m in Sources */ = {isa = PBXBuildFile; fileRef = 623F95571B939AC200506B16 /* WalletController.m */; };
		623F955B1B93AC0B00506B16 /* PhotoponViewController.m in Sources */ = {isa = PBXBuildFile; fileRef = 623F955A1B93AC0B00506B16 /* PhotoponViewController.m */; };
		6255D5A21C1783050088227A /* ChatMessageTableViewCell.m in Sources */ = {isa = PBXBuildFile; fileRef = 6255D5A01C1783050088227A /* ChatMessageTableViewCell.m */; };
		6255D5A31C1783050088227A /* ChatMessageTableViewCell.xib in Resources */ = {isa = PBXBuildFile; fileRef = 6255D5A11C1783050088227A /* ChatMessageTableViewCell.xib */; };
		625817241BA9685200506E0E /* camplaceholder.jpg in Resources */ = {isa = PBXBuildFile; fileRef = 625817231BA9685200506E0E /* camplaceholder.jpg */; };
		6262661E1B8A5BA1006D730E /* PhotoponCameraView.m in Sources */ = {isa = PBXBuildFile; fileRef = 6262661D1B8A5BA1006D730E /* PhotoponCameraView.m */; };
		626266201B8A5E89006D730E /* AVFoundation.framework in Frameworks */ = {isa = PBXBuildFile; fileRef = 6262661F1B8A5E89006D730E /* AVFoundation.framework */; };
		626266221B8A6CA1006D730E /* takephoto.png in Resources */ = {isa = PBXBuildFile; fileRef = 626266211B8A6CA1006D730E /* takephoto.png */; };
		626266241B8A7710006D730E /* check.png in Resources */ = {isa = PBXBuildFile; fileRef = 626266231B8A7710006D730E /* check.png */; };
		626CAE941C12580000189D6E /* add-button.png in Resources */ = {isa = PBXBuildFile; fileRef = 626CAE931C12580000189D6E /* add-button.png */; };
		6281444D1C45981C0008D9FF /* PhotoponCameraPlaceholderViewController.m in Sources */ = {isa = PBXBuildFile; fileRef = 6281444C1C45981C0008D9FF /* PhotoponCameraPlaceholderViewController.m */; };
		6281444F1C45A62D0008D9FF /* close-button.png in Resources */ = {isa = PBXBuildFile; fileRef = 6281444E1C45A62D0008D9FF /* close-button.png */; };
		628144561C485F5B0008D9FF /* HeaderViewController.m in Sources */ = {isa = PBXBuildFile; fileRef = 628144541C485F5B0008D9FF /* HeaderViewController.m */; };
		628144571C485F5B0008D9FF /* HeaderViewController.xib in Resources */ = {isa = PBXBuildFile; fileRef = 628144551C485F5B0008D9FF /* HeaderViewController.xib */; };
		6281445B1C4F000E0008D9FF /* IndicatorViewController.m in Sources */ = {isa = PBXBuildFile; fileRef = 628144591C4F000E0008D9FF /* IndicatorViewController.m */; };
		6281445C1C4F000E0008D9FF /* IndicatorViewController.xib in Resources */ = {isa = PBXBuildFile; fileRef = 6281445A1C4F000E0008D9FF /* IndicatorViewController.xib */; };
		62821B431C20A167007704D1 /* LeftMenuViewController.m in Sources */ = {isa = PBXBuildFile; fileRef = 62821B421C20A167007704D1 /* LeftMenuViewController.m */; };
		62821B451C20D69F007704D1 /* GoogleService-Info.plist in Resources */ = {isa = PBXBuildFile; fileRef = 62821B441C20D69F007704D1 /* GoogleService-Info.plist */; };
		62821B551C239842007704D1 /* MiniCouponViewController.m in Sources */ = {isa = PBXBuildFile; fileRef = 62821B531C239842007704D1 /* MiniCouponViewController.m */; };
		62821B571C239842007704D1 /* MiniCouponViewController.xib in Resources */ = {isa = PBXBuildFile; fileRef = 62821B541C239842007704D1 /* MiniCouponViewController.xib */; };
		6296ADCE1B83C01E00DC3CF5 /* PubNubWrapper.m in Sources */ = {isa = PBXBuildFile; fileRef = 6296ADCD1B83C01E00DC3CF5 /* PubNubWrapper.m */; };
		62970B421C3F98A700521815 /* PhotoponOverlayOffer@2x.png in Resources */ = {isa = PBXBuildFile; fileRef = 62970B411C3F98A700521815 /* PhotoponOverlayOffer@2x.png */; };
		62970B441C401A1E00521815 /* photopon-logo-white.png in Resources */ = {isa = PBXBuildFile; fileRef = 62970B431C401A1E00521815 /* photopon-logo-white.png */; };
		62970B461C4021E900521815 /* camera.png in Resources */ = {isa = PBXBuildFile; fileRef = 62970B451C4021E900521815 /* camera.png */; };
		62970B481C40284800521815 /* Comfortaa-Bold.ttf in Resources */ = {isa = PBXBuildFile; fileRef = 62970B471C40284800521815 /* Comfortaa-Bold.ttf */; };
		62970B4A1C40286300521815 /* JosefinSans-Bold.ttf in Resources */ = {isa = PBXBuildFile; fileRef = 62970B491C40286300521815 /* JosefinSans-Bold.ttf */; };
		629E71EB1C608E2B00DD79C1 /* UITheme.m in Sources */ = {isa = PBXBuildFile; fileRef = 629E71EA1C608E2B00DD79C1 /* UITheme.m */; };
		629E71F91C6117B100DD79C1 /* Icon-Add-User.png in Resources */ = {isa = PBXBuildFile; fileRef = 629E71ED1C6117B100DD79C1 /* Icon-Add-User.png */; };
		629E71FA1C6117B100DD79C1 /* Icon-Box-Open.png in Resources */ = {isa = PBXBuildFile; fileRef = 629E71EE1C6117B100DD79C1 /* Icon-Box-Open.png */; };
		629E71FB1C6117B100DD79C1 /* Icon-Business-Mens.png in Resources */ = {isa = PBXBuildFile; fileRef = 629E71EF1C6117B100DD79C1 /* Icon-Business-Mens.png */; };
		629E71FC1C6117B100DD79C1 /* Icon-Checked-User.png in Resources */ = {isa = PBXBuildFile; fileRef = 629E71F01C6117B100DD79C1 /* Icon-Checked-User.png */; };
		629E71FD1C6117B100DD79C1 /* Icon-Find-User.png in Resources */ = {isa = PBXBuildFile; fileRef = 629E71F11C6117B100DD79C1 /* Icon-Find-User.png */; };
		629E71FE1C6117B100DD79C1 /* Icon-Gear.png in Resources */ = {isa = PBXBuildFile; fileRef = 629E71F21C6117B100DD79C1 /* Icon-Gear.png */; };
		629E71FF1C6117B100DD79C1 /* Icon-Key.png in Resources */ = {isa = PBXBuildFile; fileRef = 629E71F31C6117B100DD79C1 /* Icon-Key.png */; };
		629E72001C6117B100DD79C1 /* Icon-Present.png in Resources */ = {isa = PBXBuildFile; fileRef = 629E71F41C6117B100DD79C1 /* Icon-Present.png */; };
		629E72011C6117B100DD79C1 /* Icon-Pricing.png in Resources */ = {isa = PBXBuildFile; fileRef = 629E71F51C6117B100DD79C1 /* Icon-Pricing.png */; };
		629E72021C6117B100DD79C1 /* Icon-Speach-Bubble.png in Resources */ = {isa = PBXBuildFile; fileRef = 629E71F61C6117B100DD79C1 /* Icon-Speach-Bubble.png */; };
		629E72031C6117B100DD79C1 /* Icon-Tag-1.png in Resources */ = {isa = PBXBuildFile; fileRef = 629E71F71C6117B100DD79C1 /* Icon-Tag-1.png */; };
		629E72041C6117B100DD79C1 /* Icon-Tag.png in Resources */ = {isa = PBXBuildFile; fileRef = 629E71F81C6117B100DD79C1 /* Icon-Tag.png */; };
		629E72091C611ACE00DD79C1 /* Icon-Left-2.png in Resources */ = {isa = PBXBuildFile; fileRef = 629E72051C611ACE00DD79C1 /* Icon-Left-2.png */; };
		629E720A1C611ACE00DD79C1 /* Icon-Lock-2.png in Resources */ = {isa = PBXBuildFile; fileRef = 629E72061C611ACE00DD79C1 /* Icon-Lock-2.png */; };
		629E720B1C611ACE00DD79C1 /* Icon-Posterous.png in Resources */ = {isa = PBXBuildFile; fileRef = 629E72071C611ACE00DD79C1 /* Icon-Posterous.png */; };
		629E720C1C611ACE00DD79C1 /* Icon-Split-Vertical-2.png in Resources */ = {isa = PBXBuildFile; fileRef = 629E72081C611ACE00DD79C1 /* Icon-Split-Vertical-2.png */; };
		629E720E1C612A4000DD79C1 /* Icon-Information.png in Resources */ = {isa = PBXBuildFile; fileRef = 629E720D1C612A4000DD79C1 /* Icon-Information.png */; };
		629E72101C612B2B00DD79C1 /* Icon-Books.png in Resources */ = {isa = PBXBuildFile; fileRef = 629E720F1C612B2B00DD79C1 /* Icon-Books.png */; };
		629E72131C614C1E00DD79C1 /* Icon-Add-UserStar.png in Resources */ = {isa = PBXBuildFile; fileRef = 629E72111C614C1E00DD79C1 /* Icon-Add-UserStar.png */; };
		629E72141C614C1E00DD79C1 /* Icon-Wallet-22.png in Resources */ = {isa = PBXBuildFile; fileRef = 629E72121C614C1E00DD79C1 /* Icon-Wallet-22.png */; };
		629E72161C6153CF00DD79C1 /* Icon-Yes.png in Resources */ = {isa = PBXBuildFile; fileRef = 629E72151C6153CF00DD79C1 /* Icon-Yes.png */; };
		629E72181C61544100DD79C1 /* Icon-Administrator.png in Resources */ = {isa = PBXBuildFile; fileRef = 629E72171C61544100DD79C1 /* Icon-Administrator.png */; };
		62A302B21B7D5EDA00D61F34 /* NotificationController.m in Sources */ = {isa = PBXBuildFile; fileRef = 62A302B11B7D5EDA00D61F34 /* NotificationController.m */; };
		62A302BB1B7E9AB300D61F34 /* AddFriendController.m in Sources */ = {isa = PBXBuildFile; fileRef = 62A302BA1B7E9AB300D61F34 /* AddFriendController.m */; };
		62A302BE1B80A38B00D61F34 /* DBAccess.m in Sources */ = {isa = PBXBuildFile; fileRef = 62A302BD1B80A38B00D61F34 /* DBAccess.m */; };
		62A302C21B80C4A800D61F34 /* Helper.m in Sources */ = {isa = PBXBuildFile; fileRef = 62A302C11B80C4A800D61F34 /* Helper.m */; };
		62A302C61B80F6CC00D61F34 /* empty20x20.png in Resources */ = {isa = PBXBuildFile; fileRef = 62A302C51B80F6CC00D61F34 /* empty20x20.png */; };
		62A302C81B80F70800D61F34 /* empty.png in Resources */ = {isa = PBXBuildFile; fileRef = 62A302C71B80F70800D61F34 /* empty.png */; };
		62A302CB1B829B0800D61F34 /* ChatMessagesController.m in Sources */ = {isa = PBXBuildFile; fileRef = 62A302CA1B829B0800D61F34 /* ChatMessagesController.m */; };
		62A7DDA21B7ABBFD000B74B8 /* MainController.m in Sources */ = {isa = PBXBuildFile; fileRef = 62A7DDA11B7ABBFD000B74B8 /* MainController.m */; };
		62C8ADC11C52CA91007021CA /* splash-bottom.png in Resources */ = {isa = PBXBuildFile; fileRef = 62C8ADBF1C52CA91007021CA /* splash-bottom.png */; };
		62C8ADC21C52CA91007021CA /* splash-logo.png in Resources */ = {isa = PBXBuildFile; fileRef = 62C8ADC01C52CA91007021CA /* splash-logo.png */; };
		62C8ADC41C52CDEE007021CA /* camera-button.png in Resources */ = {isa = PBXBuildFile; fileRef = 62C8ADC31C52CDEE007021CA /* camera-button.png */; };
		62C8ADC61C52E568007021CA /* camera-switch.png in Resources */ = {isa = PBXBuildFile; fileRef = 62C8ADC51C52E568007021CA /* camera-switch.png */; };
		62C8ADC81C56E936007021CA /* button-bg.png in Resources */ = {isa = PBXBuildFile; fileRef = 62C8ADC71C56E936007021CA /* button-bg.png */; };
		62CA90E91B7B3C1E009C3B4C /* LogHelper.m in Sources */ = {isa = PBXBuildFile; fileRef = 62CA90E81B7B3C1E009C3B4C /* LogHelper.m */; };
		62CA90EC1B7B41F1009C3B4C /* FontAwesome.otf in Resources */ = {isa = PBXBuildFile; fileRef = 62CA90EB1B7B41F1009C3B4C /* FontAwesome.otf */; };
		62CA90F51B7BC718009C3B4C /* FriendsViewController.m in Sources */ = {isa = PBXBuildFile; fileRef = 62CA90F41B7BC718009C3B4C /* FriendsViewController.m */; };
		62D086051B86A27D0063C8B8 /* CouponViewController.m in Sources */ = {isa = PBXBuildFile; fileRef = 62D086041B86A27D0063C8B8 /* CouponViewController.m */; };
		62D086071B86B3B50063C8B8 /* couponplaceholder.png in Resources */ = {isa = PBXBuildFile; fileRef = 62D086061B86B3B50063C8B8 /* couponplaceholder.png */; };
		62D0860A1B87E7E20063C8B8 /* PhotoponDrawController.m in Sources */ = {isa = PBXBuildFile; fileRef = 62D086091B87E7E20063C8B8 /* PhotoponDrawController.m */; };
		62D0C2F91C08B4A60069B0B5 /* contact-user.png in Resources */ = {isa = PBXBuildFile; fileRef = 62D0C2F71C08B4A60069B0B5 /* contact-user.png */; };
		62D0C2FA1C08B4A60069B0B5 /* photopon-user.png in Resources */ = {isa = PBXBuildFile; fileRef = 62D0C2F81C08B4A60069B0B5 /* photopon-user.png */; };
		62D148CC1B79732100E8D4A1 /* main.m in Sources */ = {isa = PBXBuildFile; fileRef = 62D148CB1B79732100E8D4A1 /* main.m */; };
		62D148CF1B79732100E8D4A1 /* AppDelegate.m in Sources */ = {isa = PBXBuildFile; fileRef = 62D148CE1B79732100E8D4A1 /* AppDelegate.m */; };
		62D148D21B79732100E8D4A1 /* Photopon.xcdatamodeld in Sources */ = {isa = PBXBuildFile; fileRef = 62D148D01B79732100E8D4A1 /* Photopon.xcdatamodeld */; };
		62D148D51B79732100E8D4A1 /* MasterViewController.m in Sources */ = {isa = PBXBuildFile; fileRef = 62D148D41B79732100E8D4A1 /* MasterViewController.m */; };
		62D148D81B79732100E8D4A1 /* DetailViewController.m in Sources */ = {isa = PBXBuildFile; fileRef = 62D148D71B79732100E8D4A1 /* DetailViewController.m */; };
		62D148DB1B79732100E8D4A1 /* Main.storyboard in Resources */ = {isa = PBXBuildFile; fileRef = 62D148D91B79732100E8D4A1 /* Main.storyboard */; };
		62D148DD1B79732100E8D4A1 /* Images.xcassets in Resources */ = {isa = PBXBuildFile; fileRef = 62D148DC1B79732100E8D4A1 /* Images.xcassets */; };
		62D148E01B79732100E8D4A1 /* LaunchScreen.xib in Resources */ = {isa = PBXBuildFile; fileRef = 62D148DE1B79732100E8D4A1 /* LaunchScreen.xib */; };
		62D9AF701BB1E6CB006D3BAF /* blackdot.png in Resources */ = {isa = PBXBuildFile; fileRef = 62D9AF6F1BB1E6CB006D3BAF /* blackdot.png */; };
		62D9C8011BFBE64A00B81FDB /* MerchantInfoPage.m in Sources */ = {isa = PBXBuildFile; fileRef = 62D9C8001BFBE64A00B81FDB /* MerchantInfoPage.m */; };
		62D9C8031BFD44DD00B81FDB /* CouponTableCell.xib in Resources */ = {isa = PBXBuildFile; fileRef = 62D9C8021BFD44DD00B81FDB /* CouponTableCell.xib */; };
		62D9C8061BFD48D700B81FDB /* CouponTableViewCell.m in Sources */ = {isa = PBXBuildFile; fileRef = 62D9C8051BFD48D700B81FDB /* CouponTableViewCell.m */; };
		62DD661C1B8E87B100B1A972 /* SettingsController.m in Sources */ = {isa = PBXBuildFile; fileRef = 62DD661B1B8E87B100B1A972 /* SettingsController.m */; };
		62DD661E1B8E8A3500B1A972 /* profileplaceholder.png in Resources */ = {isa = PBXBuildFile; fileRef = 62DD661D1B8E8A3500B1A972 /* profileplaceholder.png */; };
		62E747291BDD50EB0003A8F1 /* MiniCouponView.m in Sources */ = {isa = PBXBuildFile; fileRef = 62E747281BDD50EB0003A8F1 /* MiniCouponView.m */; };
		62ED02F21BD4419D00534A98 /* photopon-logo.png in Resources */ = {isa = PBXBuildFile; fileRef = 62ED02F11BD4419D00534A98 /* photopon-logo.png */; };
		62ED02F51BD4429000534A98 /* PhotoponLoginViewController.m in Sources */ = {isa = PBXBuildFile; fileRef = 62ED02F41BD4429000534A98 /* PhotoponLoginViewController.m */; };
		62ED02F81BD4467400534A98 /* PhotoponSignupViewController.m in Sources */ = {isa = PBXBuildFile; fileRef = 62ED02F71BD4467400534A98 /* PhotoponSignupViewController.m */; };
		62FFA95E1C24A89E0086FEA7 /* PhoneNumberFormatter.m in Sources */ = {isa = PBXBuildFile; fileRef = 62FFA95D1C24A89E0086FEA7 /* PhoneNumberFormatter.m */; };
		62FFA9641C24C29F0086FEA7 /* NumberVerificationViewController.m in Sources */ = {isa = PBXBuildFile; fileRef = 62FFA9631C24C29F0086FEA7 /* NumberVerificationViewController.m */; };
/* End PBXBuildFile section */

/* Begin PBXFileReference section */
		620C4C1C1C10F8EF00579CF5 /* FriendPopupViewController.h */ = {isa = PBXFileReference; fileEncoding = 4; lastKnownFileType = sourcecode.c.h; path = FriendPopupViewController.h; sourceTree = "<group>"; };
		620C4C1D1C10F8EF00579CF5 /* FriendPopupViewController.m */ = {isa = PBXFileReference; fileEncoding = 4; lastKnownFileType = sourcecode.c.objc; path = FriendPopupViewController.m; sourceTree = "<group>"; };
		621AE3341B797CBB00A9C18C /* LoginViewController.h */ = {isa = PBXFileReference; fileEncoding = 4; lastKnownFileType = sourcecode.c.h; path = LoginViewController.h; sourceTree = "<group>"; };
		621AE3351B797CBB00A9C18C /* LoginViewController.m */ = {isa = PBXFileReference; fileEncoding = 4; lastKnownFileType = sourcecode.c.objc; path = LoginViewController.m; sourceTree = "<group>"; };
		621AE3371B79868400A9C18C /* LogHelper.h */ = {isa = PBXFileReference; lastKnownFileType = sourcecode.c.h; path = LogHelper.h; sourceTree = "<group>"; };
		622563F11C9B257300ED2C46 /* AlertBox.h */ = {isa = PBXFileReference; fileEncoding = 4; lastKnownFileType = sourcecode.c.h; path = AlertBox.h; sourceTree = "<group>"; };
		622563F21C9B257300ED2C46 /* AlertBox.m */ = {isa = PBXFileReference; fileEncoding = 4; lastKnownFileType = sourcecode.c.objc; path = AlertBox.m; sourceTree = "<group>"; };
		622563F31C9B257300ED2C46 /* AlertBox.xib */ = {isa = PBXFileReference; fileEncoding = 4; lastKnownFileType = file.xib; path = AlertBox.xib; sourceTree = "<group>"; };
		622C82531BFF429A00D7BCE2 /* CouponDetailViewController.h */ = {isa = PBXFileReference; fileEncoding = 4; lastKnownFileType = sourcecode.c.h; path = CouponDetailViewController.h; sourceTree = "<group>"; };
		622C82541BFF429A00D7BCE2 /* CouponDetailViewController.m */ = {isa = PBXFileReference; fileEncoding = 4; lastKnownFileType = sourcecode.c.objc; path = CouponDetailViewController.m; sourceTree = "<group>"; };
		623F95561B939AC200506B16 /* WalletController.h */ = {isa = PBXFileReference; fileEncoding = 4; lastKnownFileType = sourcecode.c.h; path = WalletController.h; sourceTree = "<group>"; };
		623F95571B939AC200506B16 /* WalletController.m */ = {isa = PBXFileReference; fileEncoding = 4; lastKnownFileType = sourcecode.c.objc; path = WalletController.m; sourceTree = "<group>"; };
		623F95591B93AC0B00506B16 /* PhotoponViewController.h */ = {isa = PBXFileReference; fileEncoding = 4; lastKnownFileType = sourcecode.c.h; path = PhotoponViewController.h; sourceTree = "<group>"; };
		623F955A1B93AC0B00506B16 /* PhotoponViewController.m */ = {isa = PBXFileReference; fileEncoding = 4; lastKnownFileType = sourcecode.c.objc; path = PhotoponViewController.m; sourceTree = "<group>"; };
		6255D59F1C1783050088227A /* ChatMessageTableViewCell.h */ = {isa = PBXFileReference; fileEncoding = 4; lastKnownFileType = sourcecode.c.h; path = ChatMessageTableViewCell.h; sourceTree = "<group>"; };
		6255D5A01C1783050088227A /* ChatMessageTableViewCell.m */ = {isa = PBXFileReference; fileEncoding = 4; lastKnownFileType = sourcecode.c.objc; path = ChatMessageTableViewCell.m; sourceTree = "<group>"; };
		6255D5A11C1783050088227A /* ChatMessageTableViewCell.xib */ = {isa = PBXFileReference; fileEncoding = 4; lastKnownFileType = file.xib; path = ChatMessageTableViewCell.xib; sourceTree = "<group>"; };
		625817231BA9685200506E0E /* camplaceholder.jpg */ = {isa = PBXFileReference; lastKnownFileType = image.jpeg; path = camplaceholder.jpg; sourceTree = "<group>"; };
		6262661C1B8A5BA1006D730E /* PhotoponCameraView.h */ = {isa = PBXFileReference; fileEncoding = 4; lastKnownFileType = sourcecode.c.h; path = PhotoponCameraView.h; sourceTree = "<group>"; };
		6262661D1B8A5BA1006D730E /* PhotoponCameraView.m */ = {isa = PBXFileReference; fileEncoding = 4; lastKnownFileType = sourcecode.c.objc; path = PhotoponCameraView.m; sourceTree = "<group>"; };
		6262661F1B8A5E89006D730E /* AVFoundation.framework */ = {isa = PBXFileReference; lastKnownFileType = wrapper.framework; name = AVFoundation.framework; path = System/Library/Frameworks/AVFoundation.framework; sourceTree = SDKROOT; };
		626266211B8A6CA1006D730E /* takephoto.png */ = {isa = PBXFileReference; lastKnownFileType = image.png; path = takephoto.png; sourceTree = "<group>"; };
		626266231B8A7710006D730E /* check.png */ = {isa = PBXFileReference; lastKnownFileType = image.png; path = check.png; sourceTree = "<group>"; };
		626CAE931C12580000189D6E /* add-button.png */ = {isa = PBXFileReference; lastKnownFileType = image.png; path = "add-button.png"; sourceTree = "<group>"; };
		6281444B1C45981C0008D9FF /* PhotoponCameraPlaceholderViewController.h */ = {isa = PBXFileReference; fileEncoding = 4; lastKnownFileType = sourcecode.c.h; path = PhotoponCameraPlaceholderViewController.h; sourceTree = "<group>"; };
		6281444C1C45981C0008D9FF /* PhotoponCameraPlaceholderViewController.m */ = {isa = PBXFileReference; fileEncoding = 4; lastKnownFileType = sourcecode.c.objc; path = PhotoponCameraPlaceholderViewController.m; sourceTree = "<group>"; };
		6281444E1C45A62D0008D9FF /* close-button.png */ = {isa = PBXFileReference; lastKnownFileType = image.png; name = "close-button.png"; path = "Resources/close-button.png"; sourceTree = "<group>"; };
		628144531C485F5B0008D9FF /* HeaderViewController.h */ = {isa = PBXFileReference; fileEncoding = 4; lastKnownFileType = sourcecode.c.h; path = HeaderViewController.h; sourceTree = "<group>"; };
		628144541C485F5B0008D9FF /* HeaderViewController.m */ = {isa = PBXFileReference; fileEncoding = 4; lastKnownFileType = sourcecode.c.objc; path = HeaderViewController.m; sourceTree = "<group>"; };
		628144551C485F5B0008D9FF /* HeaderViewController.xib */ = {isa = PBXFileReference; fileEncoding = 4; lastKnownFileType = file.xib; path = HeaderViewController.xib; sourceTree = "<group>"; };
		628144581C4F000E0008D9FF /* IndicatorViewController.h */ = {isa = PBXFileReference; fileEncoding = 4; lastKnownFileType = sourcecode.c.h; path = IndicatorViewController.h; sourceTree = "<group>"; };
		628144591C4F000E0008D9FF /* IndicatorViewController.m */ = {isa = PBXFileReference; fileEncoding = 4; lastKnownFileType = sourcecode.c.objc; path = IndicatorViewController.m; sourceTree = "<group>"; };
		6281445A1C4F000E0008D9FF /* IndicatorViewController.xib */ = {isa = PBXFileReference; fileEncoding = 4; lastKnownFileType = file.xib; path = IndicatorViewController.xib; sourceTree = "<group>"; };
		62821B411C20A167007704D1 /* LeftMenuViewController.h */ = {isa = PBXFileReference; fileEncoding = 4; lastKnownFileType = sourcecode.c.h; path = LeftMenuViewController.h; sourceTree = "<group>"; };
		62821B421C20A167007704D1 /* LeftMenuViewController.m */ = {isa = PBXFileReference; fileEncoding = 4; lastKnownFileType = sourcecode.c.objc; path = LeftMenuViewController.m; sourceTree = "<group>"; };
		62821B441C20D69F007704D1 /* GoogleService-Info.plist */ = {isa = PBXFileReference; fileEncoding = 4; lastKnownFileType = text.plist.xml; path = "GoogleService-Info.plist"; sourceTree = "<group>"; };
		62821B471C21695F007704D1 /* PrefixHeader.pch */ = {isa = PBXFileReference; lastKnownFileType = sourcecode.c.h; path = PrefixHeader.pch; sourceTree = "<group>"; };
		62821B521C239842007704D1 /* MiniCouponViewController.h */ = {isa = PBXFileReference; fileEncoding = 4; lastKnownFileType = sourcecode.c.h; path = MiniCouponViewController.h; sourceTree = "<group>"; };
		62821B531C239842007704D1 /* MiniCouponViewController.m */ = {isa = PBXFileReference; fileEncoding = 4; lastKnownFileType = sourcecode.c.objc; path = MiniCouponViewController.m; sourceTree = "<group>"; };
		62821B541C239842007704D1 /* MiniCouponViewController.xib */ = {isa = PBXFileReference; fileEncoding = 4; lastKnownFileType = file.xib; path = MiniCouponViewController.xib; sourceTree = "<group>"; };
		6296ADCC1B83C00700DC3CF5 /* PubNubWrapper.h */ = {isa = PBXFileReference; lastKnownFileType = sourcecode.c.h; path = PubNubWrapper.h; sourceTree = "<group>"; };
		6296ADCD1B83C01E00DC3CF5 /* PubNubWrapper.m */ = {isa = PBXFileReference; fileEncoding = 4; lastKnownFileType = sourcecode.c.objc; path = PubNubWrapper.m; sourceTree = "<group>"; };
		62970B411C3F98A700521815 /* PhotoponOverlayOffer@2x.png */ = {isa = PBXFileReference; lastKnownFileType = image.png; path = "PhotoponOverlayOffer@2x.png"; sourceTree = "<group>"; };
		62970B431C401A1E00521815 /* photopon-logo-white.png */ = {isa = PBXFileReference; lastKnownFileType = image.png; path = "photopon-logo-white.png"; sourceTree = "<group>"; };
		62970B451C4021E900521815 /* camera.png */ = {isa = PBXFileReference; lastKnownFileType = image.png; path = camera.png; sourceTree = "<group>"; };
		62970B471C40284800521815 /* Comfortaa-Bold.ttf */ = {isa = PBXFileReference; lastKnownFileType = file; path = "Comfortaa-Bold.ttf"; sourceTree = "<group>"; };
		62970B491C40286300521815 /* JosefinSans-Bold.ttf */ = {isa = PBXFileReference; lastKnownFileType = file; path = "JosefinSans-Bold.ttf"; sourceTree = "<group>"; };
		629E71E91C608E2B00DD79C1 /* UITheme.h */ = {isa = PBXFileReference; fileEncoding = 4; lastKnownFileType = sourcecode.c.h; path = UITheme.h; sourceTree = "<group>"; };
		629E71EA1C608E2B00DD79C1 /* UITheme.m */ = {isa = PBXFileReference; fileEncoding = 4; lastKnownFileType = sourcecode.c.objc; path = UITheme.m; sourceTree = "<group>"; };
		629E71ED1C6117B100DD79C1 /* Icon-Add-User.png */ = {isa = PBXFileReference; lastKnownFileType = image.png; name = "Icon-Add-User.png"; path = "Resources/icons/Icon-Add-User.png"; sourceTree = "<group>"; };
		629E71EE1C6117B100DD79C1 /* Icon-Box-Open.png */ = {isa = PBXFileReference; lastKnownFileType = image.png; name = "Icon-Box-Open.png"; path = "Resources/icons/Icon-Box-Open.png"; sourceTree = "<group>"; };
		629E71EF1C6117B100DD79C1 /* Icon-Business-Mens.png */ = {isa = PBXFileReference; lastKnownFileType = image.png; name = "Icon-Business-Mens.png"; path = "Resources/icons/Icon-Business-Mens.png"; sourceTree = "<group>"; };
		629E71F01C6117B100DD79C1 /* Icon-Checked-User.png */ = {isa = PBXFileReference; lastKnownFileType = image.png; name = "Icon-Checked-User.png"; path = "Resources/icons/Icon-Checked-User.png"; sourceTree = "<group>"; };
		629E71F11C6117B100DD79C1 /* Icon-Find-User.png */ = {isa = PBXFileReference; lastKnownFileType = image.png; name = "Icon-Find-User.png"; path = "Resources/icons/Icon-Find-User.png"; sourceTree = "<group>"; };
		629E71F21C6117B100DD79C1 /* Icon-Gear.png */ = {isa = PBXFileReference; lastKnownFileType = image.png; name = "Icon-Gear.png"; path = "Resources/icons/Icon-Gear.png"; sourceTree = "<group>"; };
		629E71F31C6117B100DD79C1 /* Icon-Key.png */ = {isa = PBXFileReference; lastKnownFileType = image.png; name = "Icon-Key.png"; path = "Resources/icons/Icon-Key.png"; sourceTree = "<group>"; };
		629E71F41C6117B100DD79C1 /* Icon-Present.png */ = {isa = PBXFileReference; lastKnownFileType = image.png; name = "Icon-Present.png"; path = "Resources/icons/Icon-Present.png"; sourceTree = "<group>"; };
		629E71F51C6117B100DD79C1 /* Icon-Pricing.png */ = {isa = PBXFileReference; lastKnownFileType = image.png; name = "Icon-Pricing.png"; path = "Resources/icons/Icon-Pricing.png"; sourceTree = "<group>"; };
		629E71F61C6117B100DD79C1 /* Icon-Speach-Bubble.png */ = {isa = PBXFileReference; lastKnownFileType = image.png; name = "Icon-Speach-Bubble.png"; path = "Resources/icons/Icon-Speach-Bubble.png"; sourceTree = "<group>"; };
		629E71F71C6117B100DD79C1 /* Icon-Tag-1.png */ = {isa = PBXFileReference; lastKnownFileType = image.png; name = "Icon-Tag-1.png"; path = "Resources/icons/Icon-Tag-1.png"; sourceTree = "<group>"; };
		629E71F81C6117B100DD79C1 /* Icon-Tag.png */ = {isa = PBXFileReference; lastKnownFileType = image.png; name = "Icon-Tag.png"; path = "Resources/icons/Icon-Tag.png"; sourceTree = "<group>"; };
		629E72051C611ACE00DD79C1 /* Icon-Left-2.png */ = {isa = PBXFileReference; lastKnownFileType = image.png; name = "Icon-Left-2.png"; path = "Resources/icons/Icon-Left-2.png"; sourceTree = "<group>"; };
		629E72061C611ACE00DD79C1 /* Icon-Lock-2.png */ = {isa = PBXFileReference; lastKnownFileType = image.png; name = "Icon-Lock-2.png"; path = "Resources/icons/Icon-Lock-2.png"; sourceTree = "<group>"; };
		629E72071C611ACE00DD79C1 /* Icon-Posterous.png */ = {isa = PBXFileReference; lastKnownFileType = image.png; name = "Icon-Posterous.png"; path = "Resources/icons/Icon-Posterous.png"; sourceTree = "<group>"; };
		629E72081C611ACE00DD79C1 /* Icon-Split-Vertical-2.png */ = {isa = PBXFileReference; lastKnownFileType = image.png; name = "Icon-Split-Vertical-2.png"; path = "Resources/icons/Icon-Split-Vertical-2.png"; sourceTree = "<group>"; };
		629E720D1C612A4000DD79C1 /* Icon-Information.png */ = {isa = PBXFileReference; lastKnownFileType = image.png; name = "Icon-Information.png"; path = "Resources/icons/Icon-Information.png"; sourceTree = "<group>"; };
		629E720F1C612B2B00DD79C1 /* Icon-Books.png */ = {isa = PBXFileReference; lastKnownFileType = image.png; name = "Icon-Books.png"; path = "Resources/icons/Icon-Books.png"; sourceTree = "<group>"; };
		629E72111C614C1E00DD79C1 /* Icon-Add-UserStar.png */ = {isa = PBXFileReference; lastKnownFileType = image.png; name = "Icon-Add-UserStar.png"; path = "Resources/icons/Icon-Add-UserStar.png"; sourceTree = "<group>"; };
		629E72121C614C1E00DD79C1 /* Icon-Wallet-22.png */ = {isa = PBXFileReference; lastKnownFileType = image.png; name = "Icon-Wallet-22.png"; path = "Resources/icons/Icon-Wallet-22.png"; sourceTree = "<group>"; };
		629E72151C6153CF00DD79C1 /* Icon-Yes.png */ = {isa = PBXFileReference; lastKnownFileType = image.png; name = "Icon-Yes.png"; path = "Resources/icons/Icon-Yes.png"; sourceTree = "<group>"; };
		629E72171C61544100DD79C1 /* Icon-Administrator.png */ = {isa = PBXFileReference; lastKnownFileType = image.png; name = "Icon-Administrator.png"; path = "Resources/icons/Icon-Administrator.png"; sourceTree = "<group>"; };
		62A302B01B7D5EDA00D61F34 /* NotificationController.h */ = {isa = PBXFileReference; fileEncoding = 4; lastKnownFileType = sourcecode.c.h; path = NotificationController.h; sourceTree = "<group>"; };
		62A302B11B7D5EDA00D61F34 /* NotificationController.m */ = {isa = PBXFileReference; fileEncoding = 4; lastKnownFileType = sourcecode.c.objc; path = NotificationController.m; sourceTree = "<group>"; };
		62A302B91B7E9AB300D61F34 /* AddFriendController.h */ = {isa = PBXFileReference; fileEncoding = 4; lastKnownFileType = sourcecode.c.h; path = AddFriendController.h; sourceTree = "<group>"; };
		62A302BA1B7E9AB300D61F34 /* AddFriendController.m */ = {isa = PBXFileReference; fileEncoding = 4; lastKnownFileType = sourcecode.c.objc; path = AddFriendController.m; sourceTree = "<group>"; };
		62A302BC1B809C2400D61F34 /* DBAccess.h */ = {isa = PBXFileReference; lastKnownFileType = sourcecode.c.h; path = DBAccess.h; sourceTree = "<group>"; };
		62A302BD1B80A38B00D61F34 /* DBAccess.m */ = {isa = PBXFileReference; fileEncoding = 4; lastKnownFileType = sourcecode.c.objc; path = DBAccess.m; sourceTree = "<group>"; };
		62A302C01B80C49500D61F34 /* Helper.h */ = {isa = PBXFileReference; lastKnownFileType = sourcecode.c.h; path = Helper.h; sourceTree = "<group>"; };
		62A302C11B80C4A800D61F34 /* Helper.m */ = {isa = PBXFileReference; fileEncoding = 4; lastKnownFileType = sourcecode.c.objc; path = Helper.m; sourceTree = "<group>"; };
		62A302C51B80F6CC00D61F34 /* empty20x20.png */ = {isa = PBXFileReference; lastKnownFileType = image.png; name = empty20x20.png; path = Resources/empty20x20.png; sourceTree = "<group>"; };
		62A302C71B80F70800D61F34 /* empty.png */ = {isa = PBXFileReference; lastKnownFileType = image.png; name = empty.png; path = Resources/empty.png; sourceTree = "<group>"; };
		62A302C91B829B0800D61F34 /* ChatMessagesController.h */ = {isa = PBXFileReference; fileEncoding = 4; lastKnownFileType = sourcecode.c.h; path = ChatMessagesController.h; sourceTree = "<group>"; };
		62A302CA1B829B0800D61F34 /* ChatMessagesController.m */ = {isa = PBXFileReference; fileEncoding = 4; lastKnownFileType = sourcecode.c.objc; path = ChatMessagesController.m; sourceTree = "<group>"; };
		62A7DDA01B7ABBFD000B74B8 /* MainController.h */ = {isa = PBXFileReference; fileEncoding = 4; lastKnownFileType = sourcecode.c.h; path = MainController.h; sourceTree = "<group>"; };
		62A7DDA11B7ABBFD000B74B8 /* MainController.m */ = {isa = PBXFileReference; fileEncoding = 4; lastKnownFileType = sourcecode.c.objc; path = MainController.m; sourceTree = "<group>"; };
		62C8ADBF1C52CA91007021CA /* splash-bottom.png */ = {isa = PBXFileReference; lastKnownFileType = image.png; name = "splash-bottom.png"; path = "Resources/splash-bottom.png"; sourceTree = "<group>"; };
		62C8ADC01C52CA91007021CA /* splash-logo.png */ = {isa = PBXFileReference; lastKnownFileType = image.png; name = "splash-logo.png"; path = "Resources/splash-logo.png"; sourceTree = "<group>"; };
		62C8ADC31C52CDEE007021CA /* camera-button.png */ = {isa = PBXFileReference; lastKnownFileType = image.png; name = "camera-button.png"; path = "Resources/camera-button.png"; sourceTree = "<group>"; };
		62C8ADC51C52E568007021CA /* camera-switch.png */ = {isa = PBXFileReference; lastKnownFileType = image.png; name = "camera-switch.png"; path = "Resources/camera-switch.png"; sourceTree = "<group>"; };
		62C8ADC71C56E936007021CA /* button-bg.png */ = {isa = PBXFileReference; lastKnownFileType = image.png; name = "button-bg.png"; path = "Resources/button-bg.png"; sourceTree = "<group>"; };
		62CA90E81B7B3C1E009C3B4C /* LogHelper.m */ = {isa = PBXFileReference; fileEncoding = 4; lastKnownFileType = sourcecode.c.objc; path = LogHelper.m; sourceTree = "<group>"; };
		62CA90EB1B7B41F1009C3B4C /* FontAwesome.otf */ = {isa = PBXFileReference; lastKnownFileType = file; path = FontAwesome.otf; sourceTree = "<group>"; };
		62CA90F31B7BC718009C3B4C /* FriendsViewController.h */ = {isa = PBXFileReference; fileEncoding = 4; lastKnownFileType = sourcecode.c.h; path = FriendsViewController.h; sourceTree = "<group>"; };
		62CA90F41B7BC718009C3B4C /* FriendsViewController.m */ = {isa = PBXFileReference; fileEncoding = 4; lastKnownFileType = sourcecode.c.objc; path = FriendsViewController.m; sourceTree = "<group>"; };
		62D086031B86A27D0063C8B8 /* CouponViewController.h */ = {isa = PBXFileReference; fileEncoding = 4; lastKnownFileType = sourcecode.c.h; path = CouponViewController.h; sourceTree = "<group>"; };
		62D086041B86A27D0063C8B8 /* CouponViewController.m */ = {isa = PBXFileReference; fileEncoding = 4; lastKnownFileType = sourcecode.c.objc; path = CouponViewController.m; sourceTree = "<group>"; };
		62D086061B86B3B50063C8B8 /* couponplaceholder.png */ = {isa = PBXFileReference; lastKnownFileType = image.png; path = couponplaceholder.png; sourceTree = "<group>"; };
		62D086081B87E7E20063C8B8 /* PhotoponDrawController.h */ = {isa = PBXFileReference; fileEncoding = 4; lastKnownFileType = sourcecode.c.h; path = PhotoponDrawController.h; sourceTree = "<group>"; };
		62D086091B87E7E20063C8B8 /* PhotoponDrawController.m */ = {isa = PBXFileReference; fileEncoding = 4; lastKnownFileType = sourcecode.c.objc; path = PhotoponDrawController.m; sourceTree = "<group>"; };
		62D0C2F71C08B4A60069B0B5 /* contact-user.png */ = {isa = PBXFileReference; lastKnownFileType = image.png; path = "contact-user.png"; sourceTree = "<group>"; };
		62D0C2F81C08B4A60069B0B5 /* photopon-user.png */ = {isa = PBXFileReference; lastKnownFileType = image.png; path = "photopon-user.png"; sourceTree = "<group>"; };
		62D148C61B79732100E8D4A1 /* Photopon.app */ = {isa = PBXFileReference; explicitFileType = wrapper.application; includeInIndex = 0; path = Photopon.app; sourceTree = BUILT_PRODUCTS_DIR; };
		62D148CA1B79732100E8D4A1 /* Info.plist */ = {isa = PBXFileReference; lastKnownFileType = text.plist.xml; path = Info.plist; sourceTree = "<group>"; };
		62D148CB1B79732100E8D4A1 /* main.m */ = {isa = PBXFileReference; lastKnownFileType = sourcecode.c.objc; path = main.m; sourceTree = "<group>"; };
		62D148CD1B79732100E8D4A1 /* AppDelegate.h */ = {isa = PBXFileReference; lastKnownFileType = sourcecode.c.h; path = AppDelegate.h; sourceTree = "<group>"; };
		62D148CE1B79732100E8D4A1 /* AppDelegate.m */ = {isa = PBXFileReference; lastKnownFileType = sourcecode.c.objc; path = AppDelegate.m; sourceTree = "<group>"; };
		62D148D11B79732100E8D4A1 /* Photopon.xcdatamodel */ = {isa = PBXFileReference; lastKnownFileType = wrapper.xcdatamodel; path = Photopon.xcdatamodel; sourceTree = "<group>"; };
		62D148D31B79732100E8D4A1 /* MasterViewController.h */ = {isa = PBXFileReference; lastKnownFileType = sourcecode.c.h; path = MasterViewController.h; sourceTree = "<group>"; };
		62D148D41B79732100E8D4A1 /* MasterViewController.m */ = {isa = PBXFileReference; lastKnownFileType = sourcecode.c.objc; path = MasterViewController.m; sourceTree = "<group>"; };
		62D148D61B79732100E8D4A1 /* DetailViewController.h */ = {isa = PBXFileReference; lastKnownFileType = sourcecode.c.h; path = DetailViewController.h; sourceTree = "<group>"; };
		62D148D71B79732100E8D4A1 /* DetailViewController.m */ = {isa = PBXFileReference; lastKnownFileType = sourcecode.c.objc; path = DetailViewController.m; sourceTree = "<group>"; };
		62D148DA1B79732100E8D4A1 /* Base */ = {isa = PBXFileReference; lastKnownFileType = file.storyboard; name = Base; path = Base.lproj/Main.storyboard; sourceTree = "<group>"; };
		62D148DC1B79732100E8D4A1 /* Images.xcassets */ = {isa = PBXFileReference; lastKnownFileType = folder.assetcatalog; path = Images.xcassets; sourceTree = "<group>"; };
		62D148DF1B79732100E8D4A1 /* Base */ = {isa = PBXFileReference; lastKnownFileType = file.xib; name = Base; path = Base.lproj/LaunchScreen.xib; sourceTree = "<group>"; };
		62D9AF6F1BB1E6CB006D3BAF /* blackdot.png */ = {isa = PBXFileReference; lastKnownFileType = image.png; path = blackdot.png; sourceTree = "<group>"; };
		62D9C7FF1BFBE64A00B81FDB /* MerchantInfoPage.h */ = {isa = PBXFileReference; fileEncoding = 4; lastKnownFileType = sourcecode.c.h; path = MerchantInfoPage.h; sourceTree = "<group>"; };
		62D9C8001BFBE64A00B81FDB /* MerchantInfoPage.m */ = {isa = PBXFileReference; fileEncoding = 4; lastKnownFileType = sourcecode.c.objc; path = MerchantInfoPage.m; sourceTree = "<group>"; };
		62D9C8021BFD44DD00B81FDB /* CouponTableCell.xib */ = {isa = PBXFileReference; fileEncoding = 4; lastKnownFileType = file.xib; path = CouponTableCell.xib; sourceTree = "<group>"; };
		62D9C8041BFD48D700B81FDB /* CouponTableViewCell.h */ = {isa = PBXFileReference; fileEncoding = 4; lastKnownFileType = sourcecode.c.h; path = CouponTableViewCell.h; sourceTree = "<group>"; };
		62D9C8051BFD48D700B81FDB /* CouponTableViewCell.m */ = {isa = PBXFileReference; fileEncoding = 4; lastKnownFileType = sourcecode.c.objc; path = CouponTableViewCell.m; sourceTree = "<group>"; };
		62DD661A1B8E87B100B1A972 /* SettingsController.h */ = {isa = PBXFileReference; fileEncoding = 4; lastKnownFileType = sourcecode.c.h; path = SettingsController.h; sourceTree = "<group>"; };
		62DD661B1B8E87B100B1A972 /* SettingsController.m */ = {isa = PBXFileReference; fileEncoding = 4; lastKnownFileType = sourcecode.c.objc; path = SettingsController.m; sourceTree = "<group>"; };
		62DD661D1B8E8A3500B1A972 /* profileplaceholder.png */ = {isa = PBXFileReference; lastKnownFileType = image.png; path = profileplaceholder.png; sourceTree = "<group>"; };
		62E747271BDD50EB0003A8F1 /* MiniCouponView.h */ = {isa = PBXFileReference; fileEncoding = 4; lastKnownFileType = sourcecode.c.h; path = MiniCouponView.h; sourceTree = "<group>"; };
		62E747281BDD50EB0003A8F1 /* MiniCouponView.m */ = {isa = PBXFileReference; fileEncoding = 4; lastKnownFileType = sourcecode.c.objc; path = MiniCouponView.m; sourceTree = "<group>"; };
		62ED02F11BD4419D00534A98 /* photopon-logo.png */ = {isa = PBXFileReference; lastKnownFileType = image.png; path = "photopon-logo.png"; sourceTree = "<group>"; };
		62ED02F31BD4429000534A98 /* PhotoponLoginViewController.h */ = {isa = PBXFileReference; fileEncoding = 4; lastKnownFileType = sourcecode.c.h; path = PhotoponLoginViewController.h; sourceTree = "<group>"; };
		62ED02F41BD4429000534A98 /* PhotoponLoginViewController.m */ = {isa = PBXFileReference; fileEncoding = 4; lastKnownFileType = sourcecode.c.objc; path = PhotoponLoginViewController.m; sourceTree = "<group>"; };
		62ED02F61BD4467400534A98 /* PhotoponSignupViewController.h */ = {isa = PBXFileReference; fileEncoding = 4; lastKnownFileType = sourcecode.c.h; path = PhotoponSignupViewController.h; sourceTree = "<group>"; };
		62ED02F71BD4467400534A98 /* PhotoponSignupViewController.m */ = {isa = PBXFileReference; fileEncoding = 4; lastKnownFileType = sourcecode.c.objc; path = PhotoponSignupViewController.m; sourceTree = "<group>"; };
		62FFA95C1C24A89E0086FEA7 /* PhoneNumberFormatter.h */ = {isa = PBXFileReference; fileEncoding = 4; lastKnownFileType = sourcecode.c.h; name = PhoneNumberFormatter.h; path = ../PhoneNumberFormatter.h; sourceTree = "<group>"; };
		62FFA95D1C24A89E0086FEA7 /* PhoneNumberFormatter.m */ = {isa = PBXFileReference; fileEncoding = 4; lastKnownFileType = sourcecode.c.objc; name = PhoneNumberFormatter.m; path = ../PhoneNumberFormatter.m; sourceTree = "<group>"; };
		62FFA9621C24C29F0086FEA7 /* NumberVerificationViewController.h */ = {isa = PBXFileReference; fileEncoding = 4; lastKnownFileType = sourcecode.c.h; path = NumberVerificationViewController.h; sourceTree = "<group>"; };
		62FFA9631C24C29F0086FEA7 /* NumberVerificationViewController.m */ = {isa = PBXFileReference; fileEncoding = 4; lastKnownFileType = sourcecode.c.objc; path = NumberVerificationViewController.m; sourceTree = "<group>"; };
		756D1AFADF26C193846A6B23 /* Pods-Photopon.debug.xcconfig */ = {isa = PBXFileReference; includeInIndex = 1; lastKnownFileType = text.xcconfig; name = "Pods-Photopon.debug.xcconfig"; path = "Pods/Target Support Files/Pods-Photopon/Pods-Photopon.debug.xcconfig"; sourceTree = "<group>"; };
		DAE7154478A3CE6EEF04C24E /* Pods-Photopon.release.xcconfig */ = {isa = PBXFileReference; includeInIndex = 1; lastKnownFileType = text.xcconfig; name = "Pods-Photopon.release.xcconfig"; path = "Pods/Target Support Files/Pods-Photopon/Pods-Photopon.release.xcconfig"; sourceTree = "<group>"; };
		DD5AE628DFCFAD35A3656AAA /* libPods-Photopon.a */ = {isa = PBXFileReference; explicitFileType = archive.ar; includeInIndex = 0; path = "libPods-Photopon.a"; sourceTree = BUILT_PRODUCTS_DIR; };
/* End PBXFileReference section */

/* Begin PBXFrameworksBuildPhase section */
		62D148C31B79732100E8D4A1 /* Frameworks */ = {
			isa = PBXFrameworksBuildPhase;
			buildActionMask = 2147483647;
			files = (
				626266201B8A5E89006D730E /* AVFoundation.framework in Frameworks */,
				0051D68C4BD9FE85AD0AF611 /* libPods-Photopon.a in Frameworks */,
			);
			runOnlyForDeploymentPostprocessing = 0;
		};
/* End PBXFrameworksBuildPhase section */

/* Begin PBXGroup section */
		623F95551B93970500506B16 /* Helpers */ = {
			isa = PBXGroup;
			children = (
				62A302BC1B809C2400D61F34 /* DBAccess.h */,
				62A302BD1B80A38B00D61F34 /* DBAccess.m */,
				62A302C01B80C49500D61F34 /* Helper.h */,
				62A302C11B80C4A800D61F34 /* Helper.m */,
				621AE3371B79868400A9C18C /* LogHelper.h */,
				62CA90E81B7B3C1E009C3B4C /* LogHelper.m */,
				6296ADCC1B83C00700DC3CF5 /* PubNubWrapper.h */,
				6296ADCD1B83C01E00DC3CF5 /* PubNubWrapper.m */,
				629E71E91C608E2B00DD79C1 /* UITheme.h */,
				629E71EA1C608E2B00DD79C1 /* UITheme.m */,
			);
			name = Helpers;
			sourceTree = "<group>";
		};
		629E71EC1C61179F00DD79C1 /* Icons */ = {
			isa = PBXGroup;
			children = (
				629E72171C61544100DD79C1 /* Icon-Administrator.png */,
				629E72151C6153CF00DD79C1 /* Icon-Yes.png */,
				629E72111C614C1E00DD79C1 /* Icon-Add-UserStar.png */,
				629E72121C614C1E00DD79C1 /* Icon-Wallet-22.png */,
				629E720F1C612B2B00DD79C1 /* Icon-Books.png */,
				629E720D1C612A4000DD79C1 /* Icon-Information.png */,
				629E72051C611ACE00DD79C1 /* Icon-Left-2.png */,
				629E72061C611ACE00DD79C1 /* Icon-Lock-2.png */,
				629E72071C611ACE00DD79C1 /* Icon-Posterous.png */,
				629E72081C611ACE00DD79C1 /* Icon-Split-Vertical-2.png */,
				629E71ED1C6117B100DD79C1 /* Icon-Add-User.png */,
				629E71EE1C6117B100DD79C1 /* Icon-Box-Open.png */,
				629E71EF1C6117B100DD79C1 /* Icon-Business-Mens.png */,
				629E71F01C6117B100DD79C1 /* Icon-Checked-User.png */,
				629E71F11C6117B100DD79C1 /* Icon-Find-User.png */,
				629E71F21C6117B100DD79C1 /* Icon-Gear.png */,
				629E71F31C6117B100DD79C1 /* Icon-Key.png */,
				629E71F41C6117B100DD79C1 /* Icon-Present.png */,
				629E71F51C6117B100DD79C1 /* Icon-Pricing.png */,
				629E71F61C6117B100DD79C1 /* Icon-Speach-Bubble.png */,
				629E71F71C6117B100DD79C1 /* Icon-Tag-1.png */,
				629E71F81C6117B100DD79C1 /* Icon-Tag.png */,
			);
			name = Icons;
			sourceTree = "<group>";
		};
		62D148BD1B79732100E8D4A1 = {
			isa = PBXGroup;
			children = (
				62821B441C20D69F007704D1 /* GoogleService-Info.plist */,
				62D148C81B79732100E8D4A1 /* Photopon */,
				62D148C71B79732100E8D4A1 /* Products */,
				F9C7B90319FF7ACA494E5A39 /* Pods */,
				9750ECB74249AEF1072E7FDE /* Frameworks */,
			);
			sourceTree = "<group>";
		};
		62D148C71B79732100E8D4A1 /* Products */ = {
			isa = PBXGroup;
			children = (
				62D148C61B79732100E8D4A1 /* Photopon.app */,
			);
			name = Products;
			sourceTree = "<group>";
		};
		62D148C81B79732100E8D4A1 /* Photopon */ = {
			isa = PBXGroup;
			children = (
				62A302B91B7E9AB300D61F34 /* AddFriendController.h */,
				62A302BA1B7E9AB300D61F34 /* AddFriendController.m */,
				62D148CD1B79732100E8D4A1 /* AppDelegate.h */,
				62D148CE1B79732100E8D4A1 /* AppDelegate.m */,
				62A302C91B829B0800D61F34 /* ChatMessagesController.h */,
				62A302CA1B829B0800D61F34 /* ChatMessagesController.m */,
				6255D59F1C1783050088227A /* ChatMessageTableViewCell.h */,
				6255D5A01C1783050088227A /* ChatMessageTableViewCell.m */,
				6255D5A11C1783050088227A /* ChatMessageTableViewCell.xib */,
				622C82531BFF429A00D7BCE2 /* CouponDetailViewController.h */,
				622C82541BFF429A00D7BCE2 /* CouponDetailViewController.m */,
				62D9C8021BFD44DD00B81FDB /* CouponTableCell.xib */,
				62D9C8041BFD48D700B81FDB /* CouponTableViewCell.h */,
				62D9C8051BFD48D700B81FDB /* CouponTableViewCell.m */,
				62D086031B86A27D0063C8B8 /* CouponViewController.h */,
				62D086041B86A27D0063C8B8 /* CouponViewController.m */,
				62D148D61B79732100E8D4A1 /* DetailViewController.h */,
				62D148D71B79732100E8D4A1 /* DetailViewController.m */,
				620C4C1C1C10F8EF00579CF5 /* FriendPopupViewController.h */,
				620C4C1D1C10F8EF00579CF5 /* FriendPopupViewController.m */,
				62CA90F31B7BC718009C3B4C /* FriendsViewController.h */,
				62CA90F41B7BC718009C3B4C /* FriendsViewController.m */,
				628144531C485F5B0008D9FF /* HeaderViewController.h */,
				628144541C485F5B0008D9FF /* HeaderViewController.m */,
				628144551C485F5B0008D9FF /* HeaderViewController.xib */,
				623F95551B93970500506B16 /* Helpers */,
				62D148DC1B79732100E8D4A1 /* Images.xcassets */,
				628144581C4F000E0008D9FF /* IndicatorViewController.h */,
				628144591C4F000E0008D9FF /* IndicatorViewController.m */,
				6281445A1C4F000E0008D9FF /* IndicatorViewController.xib */,
				62D148DE1B79732100E8D4A1 /* LaunchScreen.xib */,
				62821B411C20A167007704D1 /* LeftMenuViewController.h */,
				62821B421C20A167007704D1 /* LeftMenuViewController.m */,
				621AE3341B797CBB00A9C18C /* LoginViewController.h */,
				621AE3351B797CBB00A9C18C /* LoginViewController.m */,
				62D148D91B79732100E8D4A1 /* Main.storyboard */,
				62A7DDA01B7ABBFD000B74B8 /* MainController.h */,
				62A7DDA11B7ABBFD000B74B8 /* MainController.m */,
				62D148D31B79732100E8D4A1 /* MasterViewController.h */,
				62D148D41B79732100E8D4A1 /* MasterViewController.m */,
				62D9C7FF1BFBE64A00B81FDB /* MerchantInfoPage.h */,
				62D9C8001BFBE64A00B81FDB /* MerchantInfoPage.m */,
				62E747271BDD50EB0003A8F1 /* MiniCouponView.h */,
				62E747281BDD50EB0003A8F1 /* MiniCouponView.m */,
				62821B521C239842007704D1 /* MiniCouponViewController.h */,
				62821B531C239842007704D1 /* MiniCouponViewController.m */,
				62821B541C239842007704D1 /* MiniCouponViewController.xib */,
				62A302B01B7D5EDA00D61F34 /* NotificationController.h */,
				62A302B11B7D5EDA00D61F34 /* NotificationController.m */,
				62FFA9621C24C29F0086FEA7 /* NumberVerificationViewController.h */,
				62FFA9631C24C29F0086FEA7 /* NumberVerificationViewController.m */,
				62FFA95C1C24A89E0086FEA7 /* PhoneNumberFormatter.h */,
				62FFA95D1C24A89E0086FEA7 /* PhoneNumberFormatter.m */,
				62D148D01B79732100E8D4A1 /* Photopon.xcdatamodeld */,
				6281444B1C45981C0008D9FF /* PhotoponCameraPlaceholderViewController.h */,
				6281444C1C45981C0008D9FF /* PhotoponCameraPlaceholderViewController.m */,
				6262661C1B8A5BA1006D730E /* PhotoponCameraView.h */,
				6262661D1B8A5BA1006D730E /* PhotoponCameraView.m */,
				62D086081B87E7E20063C8B8 /* PhotoponDrawController.h */,
				62D086091B87E7E20063C8B8 /* PhotoponDrawController.m */,
				62ED02F31BD4429000534A98 /* PhotoponLoginViewController.h */,
				62ED02F41BD4429000534A98 /* PhotoponLoginViewController.m */,
				62ED02F61BD4467400534A98 /* PhotoponSignupViewController.h */,
				62ED02F71BD4467400534A98 /* PhotoponSignupViewController.m */,
				623F95591B93AC0B00506B16 /* PhotoponViewController.h */,
				623F955A1B93AC0B00506B16 /* PhotoponViewController.m */,
				62821B471C21695F007704D1 /* PrefixHeader.pch */,
				62DD661A1B8E87B100B1A972 /* SettingsController.h */,
				62DD661B1B8E87B100B1A972 /* SettingsController.m */,
				62D148C91B79732100E8D4A1 /* Supporting Files */,
				623F95561B939AC200506B16 /* WalletController.h */,
				623F95571B939AC200506B16 /* WalletController.m */,
				622563F11C9B257300ED2C46 /* AlertBox.h */,
				622563F21C9B257300ED2C46 /* AlertBox.m */,
				622563F31C9B257300ED2C46 /* AlertBox.xib */,
			);
			path = Photopon;
			sourceTree = "<group>";
		};
		62D148C91B79732100E8D4A1 /* Supporting Files */ = {
			isa = PBXGroup;
			children = (
				629E71EC1C61179F00DD79C1 /* Icons */,
				62C8ADC71C56E936007021CA /* button-bg.png */,
				62C8ADC51C52E568007021CA /* camera-switch.png */,
				62C8ADC31C52CDEE007021CA /* camera-button.png */,
				62C8ADBF1C52CA91007021CA /* splash-bottom.png */,
				62C8ADC01C52CA91007021CA /* splash-logo.png */,
				6281444E1C45A62D0008D9FF /* close-button.png */,
				62970B491C40286300521815 /* JosefinSans-Bold.ttf */,
				62970B471C40284800521815 /* Comfortaa-Bold.ttf */,
				62970B411C3F98A700521815 /* PhotoponOverlayOffer@2x.png */,
				626CAE931C12580000189D6E /* add-button.png */,
				62970B451C4021E900521815 /* camera.png */,
				62D0C2F71C08B4A60069B0B5 /* contact-user.png */,
				62D0C2F81C08B4A60069B0B5 /* photopon-user.png */,
				62ED02F11BD4419D00534A98 /* photopon-logo.png */,
				62970B431C401A1E00521815 /* photopon-logo-white.png */,
				62D9AF6F1BB1E6CB006D3BAF /* blackdot.png */,
				625817231BA9685200506E0E /* camplaceholder.jpg */,
				62DD661D1B8E8A3500B1A972 /* profileplaceholder.png */,
				626266231B8A7710006D730E /* check.png */,
				626266211B8A6CA1006D730E /* takephoto.png */,
				62D086061B86B3B50063C8B8 /* couponplaceholder.png */,
				62A302C71B80F70800D61F34 /* empty.png */,
				62A302C51B80F6CC00D61F34 /* empty20x20.png */,
				62CA90EB1B7B41F1009C3B4C /* FontAwesome.otf */,
				62D148CA1B79732100E8D4A1 /* Info.plist */,
				62D148CB1B79732100E8D4A1 /* main.m */,
			);
			name = "Supporting Files";
			sourceTree = "<group>";
		};
		9750ECB74249AEF1072E7FDE /* Frameworks */ = {
			isa = PBXGroup;
			children = (
				6262661F1B8A5E89006D730E /* AVFoundation.framework */,
				DD5AE628DFCFAD35A3656AAA /* libPods-Photopon.a */,
			);
			name = Frameworks;
			sourceTree = "<group>";
		};
		F9C7B90319FF7ACA494E5A39 /* Pods */ = {
			isa = PBXGroup;
			children = (
				756D1AFADF26C193846A6B23 /* Pods-Photopon.debug.xcconfig */,
				DAE7154478A3CE6EEF04C24E /* Pods-Photopon.release.xcconfig */,
			);
			name = Pods;
			sourceTree = "<group>";
		};
/* End PBXGroup section */

/* Begin PBXNativeTarget section */
		62D148C51B79732100E8D4A1 /* Photopon */ = {
			isa = PBXNativeTarget;
			buildConfigurationList = 62D148EF1B79732100E8D4A1 /* Build configuration list for PBXNativeTarget "Photopon" */;
			buildPhases = (
				9E8BCF6F7E382D62444730BD /* Check Pods Manifest.lock */,
				62D148C21B79732100E8D4A1 /* Sources */,
				62D148C31B79732100E8D4A1 /* Frameworks */,
				62D148C41B79732100E8D4A1 /* Resources */,
				3E8CE73B4011A27C5225B4FC /* Copy Pods Resources */,
			);
			buildRules = (
			);
			dependencies = (
			);
			name = Photopon;
			productName = Photopon;
			productReference = 62D148C61B79732100E8D4A1 /* Photopon.app */;
			productType = "com.apple.product-type.application";
		};
/* End PBXNativeTarget section */

/* Begin PBXProject section */
		62D148BE1B79732100E8D4A1 /* Project object */ = {
			isa = PBXProject;
			attributes = {
				LastUpgradeCheck = 0640;
				ORGANIZATIONNAME = Photopon;
				TargetAttributes = {
					62D148C51B79732100E8D4A1 = {
						CreatedOnToolsVersion = 6.4;
					};
				};
			};
			buildConfigurationList = 62D148C11B79732100E8D4A1 /* Build configuration list for PBXProject "Photopon" */;
			compatibilityVersion = "Xcode 3.2";
			developmentRegion = English;
			hasScannedForEncodings = 0;
			knownRegions = (
				en,
				Base,
			);
			mainGroup = 62D148BD1B79732100E8D4A1;
			productRefGroup = 62D148C71B79732100E8D4A1 /* Products */;
			projectDirPath = "";
			projectRoot = "";
			targets = (
				62D148C51B79732100E8D4A1 /* Photopon */,
			);
		};
/* End PBXProject section */

/* Begin PBXResourcesBuildPhase section */
		62D148C41B79732100E8D4A1 /* Resources */ = {
			isa = PBXResourcesBuildPhase;
			buildActionMask = 2147483647;
			files = (
				629E720A1C611ACE00DD79C1 /* Icon-Lock-2.png in Resources */,
				62D0C2F91C08B4A60069B0B5 /* contact-user.png in Resources */,
				626CAE941C12580000189D6E /* add-button.png in Resources */,
				626266241B8A7710006D730E /* check.png in Resources */,
				629E71FC1C6117B100DD79C1 /* Icon-Checked-User.png in Resources */,
				62970B441C401A1E00521815 /* photopon-logo-white.png in Resources */,
				629E72031C6117B100DD79C1 /* Icon-Tag-1.png in Resources */,
				629E720C1C611ACE00DD79C1 /* Icon-Split-Vertical-2.png in Resources */,
				62C8ADC81C56E936007021CA /* button-bg.png in Resources */,
				629E71FD1C6117B100DD79C1 /* Icon-Find-User.png in Resources */,
				6281445C1C4F000E0008D9FF /* IndicatorViewController.xib in Resources */,
				62970B461C4021E900521815 /* camera.png in Resources */,
				62DD661E1B8E8A3500B1A972 /* profileplaceholder.png in Resources */,
				62D9C8031BFD44DD00B81FDB /* CouponTableCell.xib in Resources */,
				62821B571C239842007704D1 /* MiniCouponViewController.xib in Resources */,
				62C8ADC11C52CA91007021CA /* splash-bottom.png in Resources */,
				629E720B1C611ACE00DD79C1 /* Icon-Posterous.png in Resources */,
				629E71FA1C6117B100DD79C1 /* Icon-Box-Open.png in Resources */,
				62970B481C40284800521815 /* Comfortaa-Bold.ttf in Resources */,
				629E72001C6117B100DD79C1 /* Icon-Present.png in Resources */,
				629E72021C6117B100DD79C1 /* Icon-Speach-Bubble.png in Resources */,
				62C8ADC41C52CDEE007021CA /* camera-button.png in Resources */,
				629E72101C612B2B00DD79C1 /* Icon-Books.png in Resources */,
				62C8ADC61C52E568007021CA /* camera-switch.png in Resources */,
				62D148DB1B79732100E8D4A1 /* Main.storyboard in Resources */,
				6255D5A31C1783050088227A /* ChatMessageTableViewCell.xib in Resources */,
				62D148E01B79732100E8D4A1 /* LaunchScreen.xib in Resources */,
				62ED02F21BD4419D00534A98 /* photopon-logo.png in Resources */,
				629E720E1C612A4000DD79C1 /* Icon-Information.png in Resources */,
				62C8ADC21C52CA91007021CA /* splash-logo.png in Resources */,
				622563F51C9B257300ED2C46 /* AlertBox.xib in Resources */,
				62D0C2FA1C08B4A60069B0B5 /* photopon-user.png in Resources */,
				625817241BA9685200506E0E /* camplaceholder.jpg in Resources */,
				62821B451C20D69F007704D1 /* GoogleService-Info.plist in Resources */,
				629E72131C614C1E00DD79C1 /* Icon-Add-UserStar.png in Resources */,
				629E72091C611ACE00DD79C1 /* Icon-Left-2.png in Resources */,
				62D086071B86B3B50063C8B8 /* couponplaceholder.png in Resources */,
				629E71F91C6117B100DD79C1 /* Icon-Add-User.png in Resources */,
				62A302C61B80F6CC00D61F34 /* empty20x20.png in Resources */,
				62D9AF701BB1E6CB006D3BAF /* blackdot.png in Resources */,
				629E71FB1C6117B100DD79C1 /* Icon-Business-Mens.png in Resources */,
				629E71FE1C6117B100DD79C1 /* Icon-Gear.png in Resources */,
				629E72181C61544100DD79C1 /* Icon-Administrator.png in Resources */,
				62970B4A1C40286300521815 /* JosefinSans-Bold.ttf in Resources */,
				629E72011C6117B100DD79C1 /* Icon-Pricing.png in Resources */,
				62CA90EC1B7B41F1009C3B4C /* FontAwesome.otf in Resources */,
				62D148DD1B79732100E8D4A1 /* Images.xcassets in Resources */,
				628144571C485F5B0008D9FF /* HeaderViewController.xib in Resources */,
				6281444F1C45A62D0008D9FF /* close-button.png in Resources */,
				62970B421C3F98A700521815 /* PhotoponOverlayOffer@2x.png in Resources */,
				62A302C81B80F70800D61F34 /* empty.png in Resources */,
				629E71FF1C6117B100DD79C1 /* Icon-Key.png in Resources */,
				629E72041C6117B100DD79C1 /* Icon-Tag.png in Resources */,
				626266221B8A6CA1006D730E /* takephoto.png in Resources */,
				629E72161C6153CF00DD79C1 /* Icon-Yes.png in Resources */,
				629E72141C614C1E00DD79C1 /* Icon-Wallet-22.png in Resources */,
			);
			runOnlyForDeploymentPostprocessing = 0;
		};
/* End PBXResourcesBuildPhase section */

/* Begin PBXShellScriptBuildPhase section */
		3E8CE73B4011A27C5225B4FC /* Copy Pods Resources */ = {
			isa = PBXShellScriptBuildPhase;
			buildActionMask = 2147483647;
			files = (
			);
			inputPaths = (
			);
			name = "Copy Pods Resources";
			outputPaths = (
			);
			runOnlyForDeploymentPostprocessing = 0;
			shellPath = /bin/sh;
			shellScript = "\"${SRCROOT}/Pods/Target Support Files/Pods-Photopon/Pods-Photopon-resources.sh\"\n";
			showEnvVarsInLog = 0;
		};
		9E8BCF6F7E382D62444730BD /* Check Pods Manifest.lock */ = {
			isa = PBXShellScriptBuildPhase;
			buildActionMask = 2147483647;
			files = (
			);
			inputPaths = (
			);
			name = "Check Pods Manifest.lock";
			outputPaths = (
			);
			runOnlyForDeploymentPostprocessing = 0;
			shellPath = /bin/sh;
			shellScript = "diff \"${PODS_ROOT}/../Podfile.lock\" \"${PODS_ROOT}/Manifest.lock\" > /dev/null\nif [[ $? != 0 ]] ; then\n    cat << EOM\nerror: The sandbox is not in sync with the Podfile.lock. Run 'pod install' or update your CocoaPods installation.\nEOM\n    exit 1\nfi\n";
			showEnvVarsInLog = 0;
		};
/* End PBXShellScriptBuildPhase section */

/* Begin PBXSourcesBuildPhase section */
		62D148C21B79732100E8D4A1 /* Sources */ = {
			isa = PBXSourcesBuildPhase;
			buildActionMask = 2147483647;
			files = (
				6281444D1C45981C0008D9FF /* PhotoponCameraPlaceholderViewController.m in Sources */,
				623F955B1B93AC0B00506B16 /* PhotoponViewController.m in Sources */,
				62D0860A1B87E7E20063C8B8 /* PhotoponDrawController.m in Sources */,
				62A302BE1B80A38B00D61F34 /* DBAccess.m in Sources */,
				628144561C485F5B0008D9FF /* HeaderViewController.m in Sources */,
				62A302B21B7D5EDA00D61F34 /* NotificationController.m in Sources */,
				62A302BB1B7E9AB300D61F34 /* AddFriendController.m in Sources */,
				62CA90E91B7B3C1E009C3B4C /* LogHelper.m in Sources */,
				62D148D81B79732100E8D4A1 /* DetailViewController.m in Sources */,
				62ED02F81BD4467400534A98 /* PhotoponSignupViewController.m in Sources */,
				62FFA95E1C24A89E0086FEA7 /* PhoneNumberFormatter.m in Sources */,
				62821B551C239842007704D1 /* MiniCouponViewController.m in Sources */,
				620C4C1E1C10F8EF00579CF5 /* FriendPopupViewController.m in Sources */,
				62D148D51B79732100E8D4A1 /* MasterViewController.m in Sources */,
				62CA90F51B7BC718009C3B4C /* FriendsViewController.m in Sources */,
				62DD661C1B8E87B100B1A972 /* SettingsController.m in Sources */,
				6296ADCE1B83C01E00DC3CF5 /* PubNubWrapper.m in Sources */,
				621AE3361B797CBB00A9C18C /* LoginViewController.m in Sources */,
				62E747291BDD50EB0003A8F1 /* MiniCouponView.m in Sources */,
				622C82551BFF429A00D7BCE2 /* CouponDetailViewController.m in Sources */,
				622563F41C9B257300ED2C46 /* AlertBox.m in Sources */,
				62D148CF1B79732100E8D4A1 /* AppDelegate.m in Sources */,
				62ED02F51BD4429000534A98 /* PhotoponLoginViewController.m in Sources */,
				623F95581B939AC200506B16 /* WalletController.m in Sources */,
				62D148D21B79732100E8D4A1 /* Photopon.xcdatamodeld in Sources */,
				62FFA9641C24C29F0086FEA7 /* NumberVerificationViewController.m in Sources */,
				62A302C21B80C4A800D61F34 /* Helper.m in Sources */,
				62D086051B86A27D0063C8B8 /* CouponViewController.m in Sources */,
				629E71EB1C608E2B00DD79C1 /* UITheme.m in Sources */,
				62A7DDA21B7ABBFD000B74B8 /* MainController.m in Sources */,
				6281445B1C4F000E0008D9FF /* IndicatorViewController.m in Sources */,
				62D9C8061BFD48D700B81FDB /* CouponTableViewCell.m in Sources */,
				6255D5A21C1783050088227A /* ChatMessageTableViewCell.m in Sources */,
				62D148CC1B79732100E8D4A1 /* main.m in Sources */,
				6262661E1B8A5BA1006D730E /* PhotoponCameraView.m in Sources */,
				62D9C8011BFBE64A00B81FDB /* MerchantInfoPage.m in Sources */,
				62821B431C20A167007704D1 /* LeftMenuViewController.m in Sources */,
				62A302CB1B829B0800D61F34 /* ChatMessagesController.m in Sources */,
			);
			runOnlyForDeploymentPostprocessing = 0;
		};
/* End PBXSourcesBuildPhase section */

/* Begin PBXVariantGroup section */
		62D148D91B79732100E8D4A1 /* Main.storyboard */ = {
			isa = PBXVariantGroup;
			children = (
				62D148DA1B79732100E8D4A1 /* Base */,
			);
			name = Main.storyboard;
			sourceTree = "<group>";
		};
		62D148DE1B79732100E8D4A1 /* LaunchScreen.xib */ = {
			isa = PBXVariantGroup;
			children = (
				62D148DF1B79732100E8D4A1 /* Base */,
			);
			name = LaunchScreen.xib;
			sourceTree = "<group>";
		};
/* End PBXVariantGroup section */

/* Begin XCBuildConfiguration section */
		62D148ED1B79732100E8D4A1 /* Debug */ = {
			isa = XCBuildConfiguration;
			buildSettings = {
				ALWAYS_SEARCH_USER_PATHS = NO;
				CLANG_CXX_LANGUAGE_STANDARD = "gnu++0x";
				CLANG_CXX_LIBRARY = "libc++";
				CLANG_ENABLE_MODULES = YES;
				CLANG_ENABLE_OBJC_ARC = YES;
				CLANG_WARN_BOOL_CONVERSION = YES;
				CLANG_WARN_CONSTANT_CONVERSION = YES;
				CLANG_WARN_DIRECT_OBJC_ISA_USAGE = YES_ERROR;
				CLANG_WARN_EMPTY_BODY = YES;
				CLANG_WARN_ENUM_CONVERSION = YES;
				CLANG_WARN_INT_CONVERSION = YES;
				CLANG_WARN_OBJC_ROOT_CLASS = YES_ERROR;
				CLANG_WARN_UNREACHABLE_CODE = YES;
				CLANG_WARN__DUPLICATE_METHOD_MATCH = YES;
				CODE_SIGN_IDENTITY = "iPhone Distribution";
				"CODE_SIGN_IDENTITY[sdk=iphoneos*]" = "iPhone Distribution";
				COPY_PHASE_STRIP = NO;
				DEBUG_INFORMATION_FORMAT = "dwarf-with-dsym";
				ENABLE_BITCODE = NO;
				ENABLE_STRICT_OBJC_MSGSEND = YES;
				GCC_C_LANGUAGE_STANDARD = gnu99;
				GCC_DYNAMIC_NO_PIC = NO;
				GCC_NO_COMMON_BLOCKS = YES;
				GCC_OPTIMIZATION_LEVEL = 0;
				GCC_PRECOMPILE_PREFIX_HEADER = NO;
				GCC_PREFIX_HEADER = "$(SRCROOT)/Photopon/PrefixHeader.pch";
				GCC_PREPROCESSOR_DEFINITIONS = (
					"DEBUG=1",
					"$(inherited)",
				);
				GCC_SYMBOLS_PRIVATE_EXTERN = NO;
				GCC_WARN_64_TO_32_BIT_CONVERSION = YES;
				GCC_WARN_ABOUT_RETURN_TYPE = YES_ERROR;
				GCC_WARN_UNDECLARED_SELECTOR = YES;
				GCC_WARN_UNINITIALIZED_AUTOS = YES_AGGRESSIVE;
				GCC_WARN_UNUSED_FUNCTION = YES;
				GCC_WARN_UNUSED_VARIABLE = YES;
				IPHONEOS_DEPLOYMENT_TARGET = 9.0;
				MTL_ENABLE_DEBUG_INFO = YES;
				ONLY_ACTIVE_ARCH = YES;
				PROVISIONING_PROFILE = "6a5eed39-af69-40db-80d8-d813716e9a95";
				SDKROOT = iphoneos9.2;
				TARGETED_DEVICE_FAMILY = "1,2";
			};
			name = Debug;
		};
		62D148EE1B79732100E8D4A1 /* Release */ = {
			isa = XCBuildConfiguration;
			buildSettings = {
				ALWAYS_SEARCH_USER_PATHS = NO;
				CLANG_CXX_LANGUAGE_STANDARD = "gnu++0x";
				CLANG_CXX_LIBRARY = "libc++";
				CLANG_ENABLE_MODULES = YES;
				CLANG_ENABLE_OBJC_ARC = YES;
				CLANG_WARN_BOOL_CONVERSION = YES;
				CLANG_WARN_CONSTANT_CONVERSION = YES;
				CLANG_WARN_DIRECT_OBJC_ISA_USAGE = YES_ERROR;
				CLANG_WARN_EMPTY_BODY = YES;
				CLANG_WARN_ENUM_CONVERSION = YES;
				CLANG_WARN_INT_CONVERSION = YES;
				CLANG_WARN_OBJC_ROOT_CLASS = YES_ERROR;
				CLANG_WARN_UNREACHABLE_CODE = YES;
				CLANG_WARN__DUPLICATE_METHOD_MATCH = YES;
				CODE_SIGN_IDENTITY = "iPhone Distribution";
				"CODE_SIGN_IDENTITY[sdk=iphoneos*]" = "iPhone Distribution";
				COPY_PHASE_STRIP = NO;
				DEBUG_INFORMATION_FORMAT = "dwarf-with-dsym";
				ENABLE_BITCODE = NO;
				ENABLE_NS_ASSERTIONS = NO;
				ENABLE_STRICT_OBJC_MSGSEND = YES;
				GCC_C_LANGUAGE_STANDARD = gnu99;
				GCC_NO_COMMON_BLOCKS = YES;
				GCC_PRECOMPILE_PREFIX_HEADER = NO;
				GCC_PREFIX_HEADER = "$(SRCROOT)/Photopon/PrefixHeader.pch";
				GCC_WARN_64_TO_32_BIT_CONVERSION = YES;
				GCC_WARN_ABOUT_RETURN_TYPE = YES_ERROR;
				GCC_WARN_UNDECLARED_SELECTOR = YES;
				GCC_WARN_UNINITIALIZED_AUTOS = YES_AGGRESSIVE;
				GCC_WARN_UNUSED_FUNCTION = YES;
				GCC_WARN_UNUSED_VARIABLE = YES;
				IPHONEOS_DEPLOYMENT_TARGET = 9.0;
				MTL_ENABLE_DEBUG_INFO = NO;
				PROVISIONING_PROFILE = "6a5eed39-af69-40db-80d8-d813716e9a95";
				SDKROOT = iphoneos9.2;
				TARGETED_DEVICE_FAMILY = "1,2";
				VALIDATE_PRODUCT = YES;
			};
			name = Release;
		};
		62D148F01B79732100E8D4A1 /* Debug */ = {
			isa = XCBuildConfiguration;
			baseConfigurationReference = 756D1AFADF26C193846A6B23 /* Pods-Photopon.debug.xcconfig */;
			buildSettings = {
				ASSETCATALOG_COMPILER_APPICON_NAME = AppIcon;
				CODE_SIGN_IDENTITY = "iPhone Distribution";
				INFOPLIST_FILE = Photopon/Info.plist;
				IPHONEOS_DEPLOYMENT_TARGET = 8.2;
				LD_RUNPATH_SEARCH_PATHS = "$(inherited) @executable_path/Frameworks";
				PRODUCT_NAME = "$(TARGET_NAME)";
				PROVISIONING_PROFILE = "91bd2ab4-efcc-4701-bd8c-332d899b08d7";
			};
			name = Debug;
		};
		62D148F11B79732100E8D4A1 /* Release */ = {
			isa = XCBuildConfiguration;
			baseConfigurationReference = DAE7154478A3CE6EEF04C24E /* Pods-Photopon.release.xcconfig */;
			buildSettings = {
				ASSETCATALOG_COMPILER_APPICON_NAME = AppIcon;
				CODE_SIGN_IDENTITY = "iPhone Distribution";
				INFOPLIST_FILE = Photopon/Info.plist;
				IPHONEOS_DEPLOYMENT_TARGET = 8.2;
				LD_RUNPATH_SEARCH_PATHS = "$(inherited) @executable_path/Frameworks";
				PRODUCT_NAME = "$(TARGET_NAME)";
				PROVISIONING_PROFILE = "91bd2ab4-efcc-4701-bd8c-332d899b08d7";
			};
			name = Release;
		};
/* End XCBuildConfiguration section */

/* Begin XCConfigurationList section */
		62D148C11B79732100E8D4A1 /* Build configuration list for PBXProject "Photopon" */ = {
			isa = XCConfigurationList;
			buildConfigurations = (
				62D148ED1B79732100E8D4A1 /* Debug */,
				62D148EE1B79732100E8D4A1 /* Release */,
			);
			defaultConfigurationIsVisible = 0;
			defaultConfigurationName = Release;
		};
		62D148EF1B79732100E8D4A1 /* Build configuration list for PBXNativeTarget "Photopon" */ = {
			isa = XCConfigurationList;
			buildConfigurations = (
				62D148F01B79732100E8D4A1 /* Debug */,
				62D148F11B79732100E8D4A1 /* Release */,
			);
			defaultConfigurationIsVisible = 0;
			defaultConfigurationName = Release;
		};
/* End XCConfigurationList section */

/* Begin XCVersionGroup section */
		62D148D01B79732100E8D4A1 /* Photopon.xcdatamodeld */ = {
			isa = XCVersionGroup;
			children = (
				62D148D11B79732100E8D4A1 /* Photopon.xcdatamodel */,
			);
			currentVersion = 62D148D11B79732100E8D4A1 /* Photopon.xcdatamodel */;
			path = Photopon.xcdatamodeld;
			sourceTree = "<group>";
			versionGroupType = wrapper.xcdatamodel;
		};
/* End XCVersionGroup section */
	};
	rootObject = 62D148BE1B79732100E8D4A1 /* Project object */;
}
